github.com/google/go-cmp v0.5.9 h1:O2Tfq5qg4qc4AmwVlvv0oLiVAGB7enBSJ2x2DqQFi38=
github.com/google/go-cmp v0.5.9/go.mod h1:17dUlkBOakJ0+DkrSSNjCkIjxS6bF9zb3elmeNGIjoY=
github.com/shurcooL/githubv4 v0.0.0-20230215024106-420ad0987b9b h1:i0X9yN+P00PrKM2VZ4pc7K9m4bAQWpYnQDCk+VH4BA0=
github.com/shurcooL/githubv4 v0.0.0-20230215024106-420ad0987b9b/go.mod h1:hAF0iLZy4td2EX+/8Tw+4nodhlMrwN3HupfaXj3zkGo=
github.com/shurcooL/graphql v0.0.0-20220606043923-3cf50f8a0a29 h1:B1PEwpArrNp4dkQrfxh/abbBAOZBVp0ds+fBEOUOqOc=
github.com/shurcooL/graphql v0.0.0-20220606043923-3cf50f8a0a29/go.mod h1:AuYgA5Kyo4c7HfUmvRGs/6rGlMMV/6B1bVnB9JxJEEg=
go.jlucktay.dev/version v0.5.0 h1:QIflJrkF/T2McJDPtoIO98SSjekHWXlUtFcYDCOCjAU=
go.jlucktay.dev/version v0.5.0/go.mod h1:Hc4LdqGvl1I33zgVzHO2ypK/kQuBlwcPUsHEKBSSSpo=
golang.org/x/net v0.33.0 h1:74SYHlV8BIgHIFC/LrYkOGIwL19eTYXQ5wc6TBuO36I=
golang.org/x/net v0.33.0/go.mod h1:HXLR5J+9DxmrqMwG9qjGCxZ+zKXxBru04zlTvWlWuN4=
golang.org/x/oauth2 v0.25.0 h1:CY4y7XT9v0cRI9oupztF8AgiIu99L/ksR/Xp/6jrZ70=
golang.org/x/oauth2 v0.25.0/go.mod h1:XYTD2NtWslqkgxebSiOHnXEap4TF09sJSc7H1sXbhtI=
golang.org/x/sys v0.29.0 h1:TPYlXGxvx1MGTn2GiZDhnjPA9wZzZeGKHHmKhHYvgaU=
golang.org/x/sys v0.29.0/go.mod h1:/VUhepiaJMQUp4+oa/7Zr1D23ma6VTLIYjOOTFZPUcA=
golang.org/x/term v0.28.0 h1:/Ts8HFuMR2E6IP/jlo7QVLZHggjKQbhu/7H0LJFr3Gg=
golang.org/x/term v0.28.0/go.mod h1:Sw/lC2IAUZ92udQNf3WodGtn4k/XoLyZoh8v/8uiwek=
